// !$*UTF8*$!
{
	archiveVersion = 1;
	classes = {
	};
	objectVersion = 46;
	objects = {

/* Begin PBXBuildFile section */
		5ECE7D811D2DB26F004CAA74 /* AppDelegate.swift in Sources */ = {isa = PBXBuildFile; fileRef = 5ECE7D801D2DB26F004CAA74 /* AppDelegate.swift */; };
		5ECE7D831D2DB26F004CAA74 /* ViewController.swift in Sources */ = {isa = PBXBuildFile; fileRef = 5ECE7D821D2DB26F004CAA74 /* ViewController.swift */; };
		5ECE7D861D2DB26F004CAA74 /* Main.storyboard in Resources */ = {isa = PBXBuildFile; fileRef = 5ECE7D841D2DB26F004CAA74 /* Main.storyboard */; };
		5ECE7D881D2DB26F004CAA74 /* Assets.xcassets in Resources */ = {isa = PBXBuildFile; fileRef = 5ECE7D871D2DB26F004CAA74 /* Assets.xcassets */; };
		5ECE7D8B1D2DB26F004CAA74 /* LaunchScreen.storyboard in Resources */ = {isa = PBXBuildFile; fileRef = 5ECE7D891D2DB26F004CAA74 /* LaunchScreen.storyboard */; };
		5ECE7D961D2DB270004CAA74 /* myappTests.swift in Sources */ = {isa = PBXBuildFile; fileRef = 5ECE7D951D2DB270004CAA74 /* myappTests.swift */; };
		5ECE7DA11D2DB270004CAA74 /* myappUITests.swift in Sources */ = {isa = PBXBuildFile; fileRef = 5ECE7DA01D2DB270004CAA74 /* myappUITests.swift */; };
/* End PBXBuildFile section */

/* Begin PBXContainerItemProxy section */
		5ECE7D921D2DB270004CAA74 /* PBXContainerItemProxy */ = {
			isa = PBXContainerItemProxy;
			containerPortal = 5ECE7D751D2DB26F004CAA74 /* Project object */;
			proxyType = 1;
			remoteGlobalIDString = 5ECE7D7C1D2DB26F004CAA74;
			remoteInfo = myapp;
		};
		5ECE7D9D1D2DB270004CAA74 /* PBXContainerItemProxy */ = {
			isa = PBXContainerItemProxy;
			containerPortal = 5ECE7D751D2DB26F004CAA74 /* Project object */;
			proxyType = 1;
			remoteGlobalIDString = 5ECE7D7C1D2DB26F004CAA74;
			remoteInfo = myapp;
		};
/* End PBXContainerItemProxy section */

/* Begin PBXFileReference section */
		5ECE7D7D1D2DB26F004CAA74 /* myapp.app */ = {isa = PBXFileReference; explicitFileType = wrapper.application; includeInIndex = 0; path = myapp.app; sourceTree = BUILT_PRODUCTS_DIR; };
		5ECE7D801D2DB26F004CAA74 /* AppDelegate.swift */ = {isa = PBXFileReference; lastKnownFileType = sourcecode.swift; path = AppDelegate.swift; sourceTree = "<group>"; };
		5ECE7D821D2DB26F004CAA74 /* ViewController.swift */ = {isa = PBXFileReference; lastKnownFileType = sourcecode.swift; path = ViewController.swift; sourceTree = "<group>"; };
		5ECE7D851D2DB26F004CAA74 /* Base */ = {isa = PBXFileReference; lastKnownFileType = file.storyboard; name = Base; path = Base.lproj/Main.storyboard; sourceTree = "<group>"; };
		5ECE7D871D2DB26F004CAA74 /* Assets.xcassets */ = {isa = PBXFileReference; lastKnownFileType = folder.assetcatalog; path = Assets.xcassets; sourceTree = "<group>"; };
		5ECE7D8A1D2DB26F004CAA74 /* Base */ = {isa = PBXFileReference; lastKnownFileType = file.storyboard; name = Base; path = Base.lproj/LaunchScreen.storyboard; sourceTree = "<group>"; };
		5ECE7D8C1D2DB270004CAA74 /* Info.plist */ = {isa = PBXFileReference; lastKnownFileType = text.plist.xml; path = Info.plist; sourceTree = "<group>"; };
		5ECE7D911D2DB270004CAA74 /* myappTests.xctest */ = {isa = PBXFileReference; explicitFileType = wrapper.cfbundle; includeInIndex = 0; path = myappTests.xctest; sourceTree = BUILT_PRODUCTS_DIR; };
		5ECE7D951D2DB270004CAA74 /* myappTests.swift */ = {isa = PBXFileReference; lastKnownFileType = sourcecode.swift; path = myappTests.swift; sourceTree = "<group>"; };
		5ECE7D971D2DB270004CAA74 /* Info.plist */ = {isa = PBXFileReference; lastKnownFileType = text.plist.xml; path = Info.plist; sourceTree = "<group>"; };
		5ECE7D9C1D2DB270004CAA74 /* myappUITests.xctest */ = {isa = PBXFileReference; explicitFileType = wrapper.cfbundle; includeInIndex = 0; path = myappUITests.xctest; sourceTree = BUILT_PRODUCTS_DIR; };
		5ECE7DA01D2DB270004CAA74 /* myappUITests.swift */ = {isa = PBXFileReference; lastKnownFileType = sourcecode.swift; path = myappUITests.swift; sourceTree = "<group>"; };
		5ECE7DA21D2DB270004CAA74 /* Info.plist */ = {isa = PBXFileReference; lastKnownFileType = text.plist.xml; path = Info.plist; sourceTree = "<group>"; };
/* End PBXFileReference section */

/* Begin PBXFrameworksBuildPhase section */
		5ECE7D7A1D2DB26F004CAA74 /* Frameworks */ = {
			isa = PBXFrameworksBuildPhase;
			buildActionMask = 2147483647;
			files = (
			);
			runOnlyForDeploymentPostprocessing = 0;
		};
		5ECE7D8E1D2DB270004CAA74 /* Frameworks */ = {
			isa = PBXFrameworksBuildPhase;
			buildActionMask = 2147483647;
			files = (
			);
			runOnlyForDeploymentPostprocessing = 0;
		};
		5ECE7D991D2DB270004CAA74 /* Frameworks */ = {
			isa = PBXFrameworksBuildPhase;
			buildActionMask = 2147483647;
			files = (
			);
			runOnlyForDeploymentPostprocessing = 0;
		};
/* End PBXFrameworksBuildPhase section */

/* Begin PBXGroup section */
		5ECE7D741D2DB26F004CAA74 = {
			isa = PBXGroup;
			children = (
				5ECE7D7F1D2DB26F004CAA74 /* myapp */,
				5ECE7D941D2DB270004CAA74 /* myappTests */,
				5ECE7D9F1D2DB270004CAA74 /* myappUITests */,
				5ECE7D7E1D2DB26F004CAA74 /* Products */,
			);
			sourceTree = "<group>";
		};
		5ECE7D7E1D2DB26F004CAA74 /* Products */ = {
			isa = PBXGroup;
			children = (
				5ECE7D7D1D2DB26F004CAA74 /* myapp.app */,
				5ECE7D911D2DB270004CAA74 /* myappTests.xctest */,
				5ECE7D9C1D2DB270004CAA74 /* myappUITests.xctest */,
			);
			name = Products;
			sourceTree = "<group>";
		};
		5ECE7D7F1D2DB26F004CAA74 /* myapp */ = {
			isa = PBXGroup;
			children = (
				5ECE7D801D2DB26F004CAA74 /* AppDelegate.swift */,
				5ECE7D821D2DB26F004CAA74 /* ViewController.swift */,
				5ECE7D841D2DB26F004CAA74 /* Main.storyboard */,
				5ECE7D871D2DB26F004CAA74 /* Assets.xcassets */,
				5ECE7D891D2DB26F004CAA74 /* LaunchScreen.storyboard */,
				5ECE7D8C1D2DB270004CAA74 /* Info.plist */,
			);
			path = myapp;
			sourceTree = "<group>";
		};
		5ECE7D941D2DB270004CAA74 /* myappTests */ = {
			isa = PBXGroup;
			children = (
				5ECE7D951D2DB270004CAA74 /* myappTests.swift */,
				5ECE7D971D2DB270004CAA74 /* Info.plist */,
			);
			path = myappTests;
			sourceTree = "<group>";
		};
		5ECE7D9F1D2DB270004CAA74 /* myappUITests */ = {
			isa = PBXGroup;
			children = (
				5ECE7DA01D2DB270004CAA74 /* myappUITests.swift */,
				5ECE7DA21D2DB270004CAA74 /* Info.plist */,
			);
			path = myappUITests;
			sourceTree = "<group>";
		};
/* End PBXGroup section */

/* Begin PBXNativeTarget section */
		5ECE7D7C1D2DB26F004CAA74 /* myapp */ = {
			isa = PBXNativeTarget;
			buildConfigurationList = 5ECE7DA51D2DB270004CAA74 /* Build configuration list for PBXNativeTarget "myapp" */;
			buildPhases = (
				5ECE7D791D2DB26F004CAA74 /* Sources */,
				5ECE7D7A1D2DB26F004CAA74 /* Frameworks */,
				5ECE7D7B1D2DB26F004CAA74 /* Resources */,
			);
			buildRules = (
			);
			dependencies = (
			);
			name = myapp;
			productName = myapp;
			productReference = 5ECE7D7D1D2DB26F004CAA74 /* myapp.app */;
			productType = "com.apple.product-type.application";
		};
		5ECE7D901D2DB270004CAA74 /* myappTests */ = {
			isa = PBXNativeTarget;
			buildConfigurationList = 5ECE7DA81D2DB270004CAA74 /* Build configuration list for PBXNativeTarget "myappTests" */;
			buildPhases = (
				5ECE7D8D1D2DB270004CAA74 /* Sources */,
				5ECE7D8E1D2DB270004CAA74 /* Frameworks */,
				5ECE7D8F1D2DB270004CAA74 /* Resources */,
			);
			buildRules = (
			);
			dependencies = (
				5ECE7D931D2DB270004CAA74 /* PBXTargetDependency */,
			);
			name = myappTests;
			productName = myappTests;
			productReference = 5ECE7D911D2DB270004CAA74 /* myappTests.xctest */;
			productType = "com.apple.product-type.bundle.unit-test";
		};
		5ECE7D9B1D2DB270004CAA74 /* myappUITests */ = {
			isa = PBXNativeTarget;
			buildConfigurationList = 5ECE7DAB1D2DB270004CAA74 /* Build configuration list for PBXNativeTarget "myappUITests" */;
			buildPhases = (
				5ECE7D981D2DB270004CAA74 /* Sources */,
				5ECE7D991D2DB270004CAA74 /* Frameworks */,
				5ECE7D9A1D2DB270004CAA74 /* Resources */,
			);
			buildRules = (
			);
			dependencies = (
				5ECE7D9E1D2DB270004CAA74 /* PBXTargetDependency */,
			);
			name = myappUITests;
			productName = myappUITests;
			productReference = 5ECE7D9C1D2DB270004CAA74 /* myappUITests.xctest */;
			productType = "com.apple.product-type.bundle.ui-testing";
		};
/* End PBXNativeTarget section */

/* Begin PBXProject section */
		5ECE7D751D2DB26F004CAA74 /* Project object */ = {
			isa = PBXProject;
			attributes = {
				LastSwiftUpdateCheck = 0730;
				LastUpgradeCheck = 0730;
				ORGANIZATIONNAME = "Barry Brand";
				TargetAttributes = {
					5ECE7D7C1D2DB26F004CAA74 = {
						CreatedOnToolsVersion = 7.3.1;
					};
					5ECE7D901D2DB270004CAA74 = {
						CreatedOnToolsVersion = 7.3.1;
						TestTargetID = 5ECE7D7C1D2DB26F004CAA74;
					};
					5ECE7D9B1D2DB270004CAA74 = {
						CreatedOnToolsVersion = 7.3.1;
						TestTargetID = 5ECE7D7C1D2DB26F004CAA74;
					};
				};
			};
			buildConfigurationList = 5ECE7D781D2DB26F004CAA74 /* Build configuration list for PBXProject "myapp" */;
			compatibilityVersion = "Xcode 3.2";
			developmentRegion = English;
			hasScannedForEncodings = 0;
			knownRegions = (
				en,
				Base,
			);
			mainGroup = 5ECE7D741D2DB26F004CAA74;
			productRefGroup = 5ECE7D7E1D2DB26F004CAA74 /* Products */;
			projectDirPath = "";
			projectRoot = "";
			targets = (
				5ECE7D7C1D2DB26F004CAA74 /* myapp */,
				5ECE7D901D2DB270004CAA74 /* myappTests */,
				5ECE7D9B1D2DB270004CAA74 /* myappUITests */,
			);
		};
/* End PBXProject section */

/* Begin PBXResourcesBuildPhase section */
		5ECE7D7B1D2DB26F004CAA74 /* Resources */ = {
			isa = PBXResourcesBuildPhase;
			buildActionMask = 2147483647;
			files = (
				5ECE7D8B1D2DB26F004CAA74 /* LaunchScreen.storyboard in Resources */,
				5ECE7D881D2DB26F004CAA74 /* Assets.xcassets in Resources */,
				5ECE7D861D2DB26F004CAA74 /* Main.storyboard in Resources */,
			);
			runOnlyForDeploymentPostprocessing = 0;
		};
		5ECE7D8F1D2DB270004CAA74 /* Resources */ = {
			isa = PBXResourcesBuildPhase;
			buildActionMask = 2147483647;
			files = (
			);
			runOnlyForDeploymentPostprocessing = 0;
		};
		5ECE7D9A1D2DB270004CAA74 /* Resources */ = {
			isa = PBXResourcesBuildPhase;
			buildActionMask = 2147483647;
			files = (
			);
			runOnlyForDeploymentPostprocessing = 0;
		};
/* End PBXResourcesBuildPhase section */

/* Begin PBXSourcesBuildPhase section */
		5ECE7D791D2DB26F004CAA74 /* Sources */ = {
			isa = PBXSourcesBuildPhase;
			buildActionMask = 2147483647;
			files = (
				5ECE7D831D2DB26F004CAA74 /* ViewController.swift in Sources */,
				5ECE7D811D2DB26F004CAA74 /* AppDelegate.swift in Sources */,
			);
			runOnlyForDeploymentPostprocessing = 0;
		};
		5ECE7D8D1D2DB270004CAA74 /* Sources */ = {
			isa = PBXSourcesBuildPhase;
			buildActionMask = 2147483647;
			files = (
				5ECE7D961D2DB270004CAA74 /* myappTests.swift in Sources */,
			);
			runOnlyForDeploymentPostprocessing = 0;
		};
		5ECE7D981D2DB270004CAA74 /* Sources */ = {
			isa = PBXSourcesBuildPhase;
			buildActionMask = 2147483647;
			files = (
				5ECE7DA11D2DB270004CAA74 /* myappUITests.swift in Sources */,
			);
			runOnlyForDeploymentPostprocessing = 0;
		};
/* End PBXSourcesBuildPhase section */

/* Begin PBXTargetDependency section */
		5ECE7D931D2DB270004CAA74 /* PBXTargetDependency */ = {
			isa = PBXTargetDependency;
			target = 5ECE7D7C1D2DB26F004CAA74 /* myapp */;
			targetProxy = 5ECE7D921D2DB270004CAA74 /* PBXContainerItemProxy */;
		};
		5ECE7D9E1D2DB270004CAA74 /* PBXTargetDependency */ = {
			isa = PBXTargetDependency;
			target = 5ECE7D7C1D2DB26F004CAA74 /* myapp */;
			targetProxy = 5ECE7D9D1D2DB270004CAA74 /* PBXContainerItemProxy */;
		};
/* End PBXTargetDependency section */

/* Begin PBXVariantGroup section */
		5ECE7D841D2DB26F004CAA74 /* Main.storyboard */ = {
			isa = PBXVariantGroup;
			children = (
				5ECE7D851D2DB26F004CAA74 /* Base */,
			);
			name = Main.storyboard;
			sourceTree = "<group>";
		};
		5ECE7D891D2DB26F004CAA74 /* LaunchScreen.storyboard */ = {
			isa = PBXVariantGroup;
			children = (
				5ECE7D8A1D2DB26F004CAA74 /* Base */,
			);
			name = LaunchScreen.storyboard;
			sourceTree = "<group>";
		};
/* End PBXVariantGroup section */

/* Begin XCBuildConfiguration section */
		5ECE7DA31D2DB270004CAA74 /* Debug */ = {
			isa = XCBuildConfiguration;
			buildSettings = {
				ALWAYS_SEARCH_USER_PATHS = NO;
				CLANG_ANALYZER_NONNULL = YES;
				CLANG_CXX_LANGUAGE_STANDARD = "gnu++0x";
				CLANG_CXX_LIBRARY = "libc++";
				CLANG_ENABLE_MODULES = YES;
				CLANG_ENABLE_OBJC_ARC = YES;
				CLANG_WARN_BOOL_CONVERSION = YES;
				CLANG_WARN_CONSTANT_CONVERSION = YES;
				CLANG_WARN_DIRECT_OBJC_ISA_USAGE = YES_ERROR;
				CLANG_WARN_EMPTY_BODY = YES;
				CLANG_WARN_ENUM_CONVERSION = YES;
				CLANG_WARN_INT_CONVERSION = YES;
				CLANG_WARN_OBJC_ROOT_CLASS = YES_ERROR;
				CLANG_WARN_UNREACHABLE_CODE = YES;
				CLANG_WARN__DUPLICATE_METHOD_MATCH = YES;
				"CODE_SIGN_IDENTITY[sdk=iphoneos*]" = "iPhone Developer";
				COPY_PHASE_STRIP = NO;
				DEBUG_INFORMATION_FORMAT = dwarf;
				ENABLE_STRICT_OBJC_MSGSEND = YES;
				ENABLE_TESTABILITY = YES;
				GCC_C_LANGUAGE_STANDARD = gnu99;
				GCC_DYNAMIC_NO_PIC = NO;
				GCC_NO_COMMON_BLOCKS = YES;
				GCC_OPTIMIZATION_LEVEL = 0;
				GCC_PREPROCESSOR_DEFINITIONS = (
					"DEBUG=1",
					"$(inherited)",
				);
				GCC_WARN_64_TO_32_BIT_CONVERSION = YES;
				GCC_WARN_ABOUT_RETURN_TYPE = YES_ERROR;
				GCC_WARN_UNDECLARED_SELECTOR = YES;
				GCC_WARN_UNINITIALIZED_AUTOS = YES_AGGRESSIVE;
				GCC_WARN_UNUSED_FUNCTION = YES;
				GCC_WARN_UNUSED_VARIABLE = YES;
				IPHONEOS_DEPLOYMENT_TARGET = 9.3;
				MTL_ENABLE_DEBUG_INFO = YES;
				ONLY_ACTIVE_ARCH = YES;
				SDKROOT = iphoneos;
				SWIFT_OPTIMIZATION_LEVEL = "-Onone";
				TARGETED_DEVICE_FAMILY = "1,2";
			};
			name = Debug;
		};
		5ECE7DA41D2DB270004CAA74 /* Release */ = {
			isa = XCBuildConfiguration;
			buildSettings = {
				ALWAYS_SEARCH_USER_PATHS = NO;
				CLANG_ANALYZER_NONNULL = YES;
				CLANG_CXX_LANGUAGE_STANDARD = "gnu++0x";
				CLANG_CXX_LIBRARY = "libc++";
				CLANG_ENABLE_MODULES = YES;
				CLANG_ENABLE_OBJC_ARC = YES;
				CLANG_WARN_BOOL_CONVERSION = YES;
				CLANG_WARN_CONSTANT_CONVERSION = YES;
				CLANG_WARN_DIRECT_OBJC_ISA_USAGE = YES_ERROR;
				CLANG_WARN_EMPTY_BODY = YES;
				CLANG_WARN_ENUM_CONVERSION = YES;
				CLANG_WARN_INT_CONVERSION = YES;
				CLANG_WARN_OBJC_ROOT_CLASS = YES_ERROR;
				CLANG_WARN_UNREACHABLE_CODE = YES;
				CLANG_WARN__DUPLICATE_METHOD_MATCH = YES;
				"CODE_SIGN_IDENTITY[sdk=iphoneos*]" = "iPhone Developer";
				COPY_PHASE_STRIP = NO;
				DEBUG_INFORMATION_FORMAT = "dwarf-with-dsym";
				ENABLE_NS_ASSERTIONS = NO;
				ENABLE_STRICT_OBJC_MSGSEND = YES;
				GCC_C_LANGUAGE_STANDARD = gnu99;
				GCC_NO_COMMON_BLOCKS = YES;
				GCC_WARN_64_TO_32_BIT_CONVERSION = YES;
				GCC_WARN_ABOUT_RETURN_TYPE = YES_ERROR;
				GCC_WARN_UNDECLARED_SELECTOR = YES;
				GCC_WARN_UNINITIALIZED_AUTOS = YES_AGGRESSIVE;
				GCC_WARN_UNUSED_FUNCTION = YES;
				GCC_WARN_UNUSED_VARIABLE = YES;
				IPHONEOS_DEPLOYMENT_TARGET = 9.3;
				MTL_ENABLE_DEBUG_INFO = NO;
				SDKROOT = iphoneos;
				TARGETED_DEVICE_FAMILY = "1,2";
				VALIDATE_PRODUCT = YES;
			};
			name = Release;
		};
		5ECE7DA61D2DB270004CAA74 /* Debug */ = {
			isa = XCBuildConfiguration;
			buildSettings = {
				ASSETCATALOG_COMPILER_APPICON_NAME = AppIcon;
				INFOPLIST_FILE = myapp/Info.plist;
				LD_RUNPATH_SEARCH_PATHS = "$(inherited) @executable_path/Frameworks";
				PRODUCT_BUNDLE_IDENTIFIER = "Hidden-Genius-Project.myapp";
				PRODUCT_NAME = "$(TARGET_NAME)";
			};
			name = Debug;
		};
		5ECE7DA71D2DB270004CAA74 /* Release */ = {
			isa = XCBuildConfiguration;
			buildSettings = {
				ASSETCATALOG_COMPILER_APPICON_NAME = AppIcon;
				INFOPLIST_FILE = myapp/Info.plist;
				LD_RUNPATH_SEARCH_PATHS = "$(inherited) @executable_path/Frameworks";
				PRODUCT_BUNDLE_IDENTIFIER = "Hidden-Genius-Project.myapp";
				PRODUCT_NAME = "$(TARGET_NAME)";
			};
			name = Release;
		};
		5ECE7DA91D2DB270004CAA74 /* Debug */ = {
			isa = XCBuildConfiguration;
			buildSettings = {
				BUNDLE_LOADER = "$(TEST_HOST)";
				INFOPLIST_FILE = myappTests/Info.plist;
				LD_RUNPATH_SEARCH_PATHS = "$(inherited) @executable_path/Frameworks @loader_path/Frameworks";
				PRODUCT_BUNDLE_IDENTIFIER = "Hidden-Genius-Project.myappTests";
				PRODUCT_NAME = "$(TARGET_NAME)";
				TEST_HOST = "$(BUILT_PRODUCTS_DIR)/myapp.app/myapp";
			};
			name = Debug;
		};
		5ECE7DAA1D2DB270004CAA74 /* Release */ = {
			isa = XCBuildConfiguration;
			buildSettings = {
				BUNDLE_LOADER = "$(TEST_HOST)";
				INFOPLIST_FILE = myappTests/Info.plist;
				LD_RUNPATH_SEARCH_PATHS = "$(inherited) @executable_path/Frameworks @loader_path/Frameworks";
				PRODUCT_BUNDLE_IDENTIFIER = "Hidden-Genius-Project.myappTests";
				PRODUCT_NAME = "$(TARGET_NAME)";
				TEST_HOST = "$(BUILT_PRODUCTS_DIR)/myapp.app/myapp";
			};
			name = Release;
		};
		5ECE7DAC1D2DB270004CAA74 /* Debug */ = {
			isa = XCBuildConfiguration;
			buildSettings = {
				INFOPLIST_FILE = myappUITests/Info.plist;
				LD_RUNPATH_SEARCH_PATHS = "$(inherited) @executable_path/Frameworks @loader_path/Frameworks";
				PRODUCT_BUNDLE_IDENTIFIER = "Hidden-Genius-Project.myappUITests";
				PRODUCT_NAME = "$(TARGET_NAME)";
				TEST_TARGET_NAME = myapp;
			};
			name = Debug;
		};
		5ECE7DAD1D2DB270004CAA74 /* Release */ = {
			isa = XCBuildConfiguration;
			buildSettings = {
				INFOPLIST_FILE = myappUITests/Info.plist;
				LD_RUNPATH_SEARCH_PATHS = "$(inherited) @executable_path/Frameworks @loader_path/Frameworks";
				PRODUCT_BUNDLE_IDENTIFIER = "Hidden-Genius-Project.myappUITests";
				PRODUCT_NAME = "$(TARGET_NAME)";
				TEST_TARGET_NAME = myapp;
			};
			name = Release;
		};
/* End XCBuildConfiguration section */

/* Begin XCConfigurationList section */
		5ECE7D781D2DB26F004CAA74 /* Build configuration list for PBXProject "myapp" */ = {
			isa = XCConfigurationList;
			buildConfigurations = (
				5ECE7DA31D2DB270004CAA74 /* Debug */,
				5ECE7DA41D2DB270004CAA74 /* Release */,
			);
			defaultConfigurationIsVisible = 0;
			defaultConfigurationName = Release;
		};
		5ECE7DA51D2DB270004CAA74 /* Build configuration list for PBXNativeTarget "myapp" */ = {
			isa = XCConfigurationList;
			buildConfigurations = (
				5ECE7DA61D2DB270004CAA74 /* Debug */,
				5ECE7DA71D2DB270004CAA74 /* Release */,
			);
			defaultConfigurationIsVisible = 0;
		};
		5ECE7DA81D2DB270004CAA74 /* Build configuration list for PBXNativeTarget "myappTests" */ = {
			isa = XCConfigurationList;
			buildConfigurations = (
				5ECE7DA91D2DB270004CAA74 /* Debug */,
				5ECE7DAA1D2DB270004CAA74 /* Release */,
			);
			defaultConfigurationIsVisible = 0;
		};
		5ECE7DAB1D2DB270004CAA74 /* Build configuration list for PBXNativeTarget "myappUITests" */ = {
			isa = XCConfigurationList;
			buildConfigurations = (
				5ECE7DAC1D2DB270004CAA74 /* Debug */,
				5ECE7DAD1D2DB270004CAA74 /* Release */,
			);
			defaultConfigurationIsVisible = 0;
		};
/* End XCConfigurationList section */
	};
	rootObject = 5ECE7D751D2DB26F004CAA74 /* Project object */;
}
